
Microsoft Visual Studio Solution File, Format Version 12.00
# Visual Studio Version 17
VisualStudioVersion = 17.7.34009.444
MinimumVisualStudioVersion = 10.0.40219.1
Project("{FAE04EC0-301F-11D3-BF4B-00C04F79EFBC}") = "Ejercicio01", "Ejercicio01\Ejercicio01.csproj", "{95995FC6-C15A-43BD-AAB7-B243B2DF2794}"
EndProject
Global
	GlobalSection(SolutionConfigurationPlatforms) = preSolution
		Debug|Any CPU = Debug|Any CPU
		Release|Any CPU = Release|Any CPU
	EndGlobalSection
	GlobalSection(ProjectConfigurationPlatforms) = postSolution
		{95995FC6-C15A-43BD-AAB7-B243B2DF2794}.Debug|Any CPU.ActiveCfg = Debug|Any CPU
		{95995FC6-C15A-43BD-AAB7-B243B2DF2794}.Debug|Any CPU.Build.0 = Debug|Any CPU
		{95995FC6-C15A-43BD-AAB7-B243B2DF2794}.Release|Any CPU.ActiveCfg = Release|Any CPU
		{95995FC6-C15A-43BD-AAB7-B243B2DF2794}.Release|Any CPU.Build.0 = Release|Any CPU
	EndGlobalSection
	GlobalSection(SolutionProperties) = preSolution
		HideSolutionNode = FALSE
	EndGlobalSection
	GlobalSection(ExtensibilityGlobals) = postSolution
		SolutionGuid = {EB0939E7-ECFB-4569-9CD1-E613D5CBAC83}
	EndGlobalSection
EndGlobal
